
Microsoft Visual Studio Solution File, Format Version 12.00
# Visual Studio Version 17
VisualStudioVersion = 17.0.31903.59
MinimumVisualStudioVersion = 10.0.40219.1
Project("{9A19103F-16F7-4668-BE54-9A1E7A4F7556}") = "Day 2-1", "Day 2-1\Day 2-1.csproj", "{76C2CD49-7D74-4E29-A262-45DB785F9B2A}"
EndProject
Project("{9A19103F-16F7-4668-BE54-9A1E7A4F7556}") = "Day 2-2", "Day 2-2\Day 2-2.csproj", "{D6ED181B-E0E3-4E5C-908A-ECF5F6A0E992}"
EndProject
Project("{9A19103F-16F7-4668-BE54-9A1E7A4F7556}") = "Day 1-1", "Day 1-1\Day 1-1.csproj", "{A40ADEF9-9CAA-4EAD-83F7-A8A2DBF80924}"
EndProject
Project("{9A19103F-16F7-4668-BE54-9A1E7A4F7556}") = "Day 1-2", "Day 1-2\Day 1-2.csproj", "{996D7E0D-9D52-4A7B-8CA3-F4FDF1D48CD1}"
EndProject
Project("{FAE04EC0-301F-11D3-BF4B-00C04F79EFBC}") = "Day 3-1", "Day 3-1\Day 3-1.csproj", "{EC2C0963-873F-4293-834E-845A78F5C44A}"
EndProject
Project("{FAE04EC0-301F-11D3-BF4B-00C04F79EFBC}") = "Day 3-2", "Day 3-2\Day 3-2.csproj", "{DFD0E8F2-349D-4950-AE0D-762A3FD61883}"
EndProject
Global
	GlobalSection(SolutionConfigurationPlatforms) = preSolution
		Debug|Any CPU = Debug|Any CPU
		Release|Any CPU = Release|Any CPU
	EndGlobalSection
	GlobalSection(ProjectConfigurationPlatforms) = postSolution
		{76C2CD49-7D74-4E29-A262-45DB785F9B2A}.Debug|Any CPU.ActiveCfg = Debug|Any CPU
		{76C2CD49-7D74-4E29-A262-45DB785F9B2A}.Debug|Any CPU.Build.0 = Debug|Any CPU
		{76C2CD49-7D74-4E29-A262-45DB785F9B2A}.Release|Any CPU.ActiveCfg = Release|Any CPU
		{76C2CD49-7D74-4E29-A262-45DB785F9B2A}.Release|Any CPU.Build.0 = Release|Any CPU
		{D6ED181B-E0E3-4E5C-908A-ECF5F6A0E992}.Debug|Any CPU.ActiveCfg = Debug|Any CPU
		{D6ED181B-E0E3-4E5C-908A-ECF5F6A0E992}.Debug|Any CPU.Build.0 = Debug|Any CPU
		{D6ED181B-E0E3-4E5C-908A-ECF5F6A0E992}.Release|Any CPU.ActiveCfg = Release|Any CPU
		{D6ED181B-E0E3-4E5C-908A-ECF5F6A0E992}.Release|Any CPU.Build.0 = Release|Any CPU
		{A40ADEF9-9CAA-4EAD-83F7-A8A2DBF80924}.Debug|Any CPU.ActiveCfg = Debug|Any CPU
		{A40ADEF9-9CAA-4EAD-83F7-A8A2DBF80924}.Debug|Any CPU.Build.0 = Debug|Any CPU
		{A40ADEF9-9CAA-4EAD-83F7-A8A2DBF80924}.Release|Any CPU.ActiveCfg = Release|Any CPU
		{A40ADEF9-9CAA-4EAD-83F7-A8A2DBF80924}.Release|Any CPU.Build.0 = Release|Any CPU
		{996D7E0D-9D52-4A7B-8CA3-F4FDF1D48CD1}.Debug|Any CPU.ActiveCfg = Debug|Any CPU
		{996D7E0D-9D52-4A7B-8CA3-F4FDF1D48CD1}.Debug|Any CPU.Build.0 = Debug|Any CPU
		{996D7E0D-9D52-4A7B-8CA3-F4FDF1D48CD1}.Release|Any CPU.ActiveCfg = Release|Any CPU
		{996D7E0D-9D52-4A7B-8CA3-F4FDF1D48CD1}.Release|Any CPU.Build.0 = Release|Any CPU
		{EC2C0963-873F-4293-834E-845A78F5C44A}.Debug|Any CPU.ActiveCfg = Debug|Any CPU
		{EC2C0963-873F-4293-834E-845A78F5C44A}.Debug|Any CPU.Build.0 = Debug|Any CPU
		{EC2C0963-873F-4293-834E-845A78F5C44A}.Release|Any CPU.ActiveCfg = Release|Any CPU
		{EC2C0963-873F-4293-834E-845A78F5C44A}.Release|Any CPU.Build.0 = Release|Any CPU
		{DFD0E8F2-349D-4950-AE0D-762A3FD61883}.Debug|Any CPU.ActiveCfg = Debug|Any CPU
		{DFD0E8F2-349D-4950-AE0D-762A3FD61883}.Debug|Any CPU.Build.0 = Debug|Any CPU
		{DFD0E8F2-349D-4950-AE0D-762A3FD61883}.Release|Any CPU.ActiveCfg = Release|Any CPU
		{DFD0E8F2-349D-4950-AE0D-762A3FD61883}.Release|Any CPU.Build.0 = Release|Any CPU
	EndGlobalSection
	GlobalSection(SolutionProperties) = preSolution
		HideSolutionNode = FALSE
	EndGlobalSection
	GlobalSection(ExtensibilityGlobals) = postSolution
		SolutionGuid = {113C6C03-C59B-4DAA-90B3-75A0ACD52A95}
	EndGlobalSection
EndGlobal
